
Microsoft Visual Studio Solution File, Format Version 12.00
# Visual Studio 15
VisualStudioVersion = 15.0.26730.10
MinimumVisualStudioVersion = 10.0.40219.1
Project("{FAE04EC0-301F-11D3-BF4B-00C04F79EFBC}") = "UnderConstruction", "UnderConstruction\UnderConstruction.csproj", "{8392B218-2281-4130-845B-441BF64B468E}"
EndProject
Project("{FAE04EC0-301F-11D3-BF4B-00C04F79EFBC}") = "CSharpAPI", "..\..\..\..\..\TWS API\source\CSharpClient\client\CSharpAPI.csproj", "{8EDE0744-96C2-40B0-A8DC-37DF79370203}"
EndProject
Project("{FAE04EC0-301F-11D3-BF4B-00C04F79EFBC}") = "ConsoleApplication4", "..\..\..\Documents\Visual Studio 2013\Projects\ConsoleApplication4\ConsoleApplication4\ConsoleApplication4.csproj", "{B61A8884-3EA7-4072-8AAC-9237CD1D0A6A}"
EndProject
Global
	GlobalSection(SolutionConfigurationPlatforms) = preSolution
		Debug|Any CPU = Debug|Any CPU
		Release|Any CPU = Release|Any CPU
	EndGlobalSection
	GlobalSection(ProjectConfigurationPlatforms) = postSolution
		{8392B218-2281-4130-845B-441BF64B468E}.Debug|Any CPU.ActiveCfg = Debug|Any CPU
		{8392B218-2281-4130-845B-441BF64B468E}.Debug|Any CPU.Build.0 = Debug|Any CPU
		{8392B218-2281-4130-845B-441BF64B468E}.Release|Any CPU.ActiveCfg = Release|Any CPU
		{8392B218-2281-4130-845B-441BF64B468E}.Release|Any CPU.Build.0 = Release|Any CPU
		{8EDE0744-96C2-40B0-A8DC-37DF79370203}.Debug|Any CPU.ActiveCfg = Debug|Any CPU
		{8EDE0744-96C2-40B0-A8DC-37DF79370203}.Debug|Any CPU.Build.0 = Debug|Any CPU
		{8EDE0744-96C2-40B0-A8DC-37DF79370203}.Release|Any CPU.ActiveCfg = Release|Any CPU
		{8EDE0744-96C2-40B0-A8DC-37DF79370203}.Release|Any CPU.Build.0 = Release|Any CPU
		{B61A8884-3EA7-4072-8AAC-9237CD1D0A6A}.Debug|Any CPU.ActiveCfg = Debug|Any CPU
		{B61A8884-3EA7-4072-8AAC-9237CD1D0A6A}.Debug|Any CPU.Build.0 = Debug|Any CPU
		{B61A8884-3EA7-4072-8AAC-9237CD1D0A6A}.Release|Any CPU.ActiveCfg = Release|Any CPU
		{B61A8884-3EA7-4072-8AAC-9237CD1D0A6A}.Release|Any CPU.Build.0 = Release|Any CPU
	EndGlobalSection
	GlobalSection(SolutionProperties) = preSolution
		HideSolutionNode = FALSE
	EndGlobalSection
	GlobalSection(ExtensibilityGlobals) = postSolution
		SolutionGuid = {122DC787-BF9A-4AFA-A5C1-D4D4340F21C1}
	EndGlobalSection
EndGlobal
