
Microsoft Visual Studio Solution File, Format Version 12.00
# Visual Studio 15
VisualStudioVersion = 15.0.26228.9
MinimumVisualStudioVersion = 10.0.40219.1
Project("{FAE04EC0-301F-11D3-BF4B-00C04F79EFBC}") = "ConsoleApplication5 v2", "ConsoleApplication5\ConsoleApplication5 v2.csproj", "{CE58635B-F3E5-4A4C-8F54-91AEA88B1706}"
EndProject
Project("{FAE04EC0-301F-11D3-BF4B-00C04F79EFBC}") = "ConsoleApplication4", "..\ConsoleApplication4\ConsoleApplication4\ConsoleApplication4.csproj", "{B61A8884-3EA7-4072-8AAC-9237CD1D0A6A}"
EndProject
Project("{FAE04EC0-301F-11D3-BF4B-00C04F79EFBC}") = "CSharpAPI", "..\..\..\..\..\..\TWS API\source\csharpclient\client\CSharpAPI.csproj", "{8EDE0744-96C2-40B0-A8DC-37DF79370203}"
EndProject
Global
	GlobalSection(SolutionConfigurationPlatforms) = preSolution
		Debug|Any CPU = Debug|Any CPU
		Release|Any CPU = Release|Any CPU
	EndGlobalSection
	GlobalSection(ProjectConfigurationPlatforms) = postSolution
		{CE58635B-F3E5-4A4C-8F54-91AEA88B1706}.Debug|Any CPU.ActiveCfg = Debug|Any CPU
		{CE58635B-F3E5-4A4C-8F54-91AEA88B1706}.Debug|Any CPU.Build.0 = Debug|Any CPU
		{CE58635B-F3E5-4A4C-8F54-91AEA88B1706}.Release|Any CPU.ActiveCfg = Release|Any CPU
		{CE58635B-F3E5-4A4C-8F54-91AEA88B1706}.Release|Any CPU.Build.0 = Release|Any CPU
		{B61A8884-3EA7-4072-8AAC-9237CD1D0A6A}.Debug|Any CPU.ActiveCfg = Debug|Any CPU
		{B61A8884-3EA7-4072-8AAC-9237CD1D0A6A}.Debug|Any CPU.Build.0 = Debug|Any CPU
		{B61A8884-3EA7-4072-8AAC-9237CD1D0A6A}.Release|Any CPU.ActiveCfg = Release|Any CPU
		{B61A8884-3EA7-4072-8AAC-9237CD1D0A6A}.Release|Any CPU.Build.0 = Release|Any CPU
		{8EDE0744-96C2-40B0-A8DC-37DF79370203}.Debug|Any CPU.ActiveCfg = Debug|Any CPU
		{8EDE0744-96C2-40B0-A8DC-37DF79370203}.Debug|Any CPU.Build.0 = Debug|Any CPU
		{8EDE0744-96C2-40B0-A8DC-37DF79370203}.Release|Any CPU.ActiveCfg = Release|Any CPU
		{8EDE0744-96C2-40B0-A8DC-37DF79370203}.Release|Any CPU.Build.0 = Release|Any CPU
	EndGlobalSection
	GlobalSection(SolutionProperties) = preSolution
		HideSolutionNode = FALSE
	EndGlobalSection
EndGlobal
